// !$*UTF8*$!
{
	archiveVersion = 1;
	classes = {
	};
	objectVersion = 46;
	objects = {

/* Begin PBXBuildFile section */
		AB56FBFB1B8813920032155B /* AppDelegate.swift in Sources */ = {isa = PBXBuildFile; fileRef = AB56FBFA1B8813920032155B /* AppDelegate.swift */; };
		AB56FBFE1B8813920032155B /* CapitalOne.xcdatamodeld in Sources */ = {isa = PBXBuildFile; fileRef = AB56FBFC1B8813920032155B /* CapitalOne.xcdatamodeld */; };
		AB56FC001B8813920032155B /* ViewController.swift in Sources */ = {isa = PBXBuildFile; fileRef = AB56FBFF1B8813920032155B /* ViewController.swift */; };
		AB56FC031B8813920032155B /* Main.storyboard in Resources */ = {isa = PBXBuildFile; fileRef = AB56FC011B8813920032155B /* Main.storyboard */; };
		AB56FC051B8813920032155B /* Images.xcassets in Resources */ = {isa = PBXBuildFile; fileRef = AB56FC041B8813920032155B /* Images.xcassets */; };
		AB56FC081B8813920032155B /* LaunchScreen.xib in Resources */ = {isa = PBXBuildFile; fileRef = AB56FC061B8813920032155B /* LaunchScreen.xib */; };
		AB56FC141B8813930032155B /* CapitalOneTests.swift in Sources */ = {isa = PBXBuildFile; fileRef = AB56FC131B8813930032155B /* CapitalOneTests.swift */; };
		AB9E500B1B8B0089004A642B /* helperFunctions.swift in Sources */ = {isa = PBXBuildFile; fileRef = AB9E500A1B8B0089004A642B /* helperFunctions.swift */; };
		ABE79F3B1B8A7EEB002E459C /* SignInViewController.swift in Sources */ = {isa = PBXBuildFile; fileRef = ABE79F3A1B8A7EEB002E459C /* SignInViewController.swift */; };
		ABE79F3F1B8A808B002E459C /* User.swift in Sources */ = {isa = PBXBuildFile; fileRef = ABE79F3E1B8A808B002E459C /* User.swift */; };
		ABE79F411B8A81AA002E459C /* CoreDataManager.swift in Sources */ = {isa = PBXBuildFile; fileRef = ABE79F401B8A81AA002E459C /* CoreDataManager.swift */; };
/* End PBXBuildFile section */

/* Begin PBXContainerItemProxy section */
		AB56FC0E1B8813930032155B /* PBXContainerItemProxy */ = {
			isa = PBXContainerItemProxy;
			containerPortal = AB56FBED1B8813920032155B /* Project object */;
			proxyType = 1;
			remoteGlobalIDString = AB56FBF41B8813920032155B;
			remoteInfo = CapitalOne;
		};
/* End PBXContainerItemProxy section */

/* Begin PBXFileReference section */
		AB56FBF51B8813920032155B /* CapitalOne.app */ = {isa = PBXFileReference; explicitFileType = wrapper.application; includeInIndex = 0; path = CapitalOne.app; sourceTree = BUILT_PRODUCTS_DIR; };
		AB56FBF91B8813920032155B /* Info.plist */ = {isa = PBXFileReference; lastKnownFileType = text.plist.xml; path = Info.plist; sourceTree = "<group>"; };
		AB56FBFA1B8813920032155B /* AppDelegate.swift */ = {isa = PBXFileReference; lastKnownFileType = sourcecode.swift; path = AppDelegate.swift; sourceTree = "<group>"; };
		AB56FBFD1B8813920032155B /* CapitalOne.xcdatamodel */ = {isa = PBXFileReference; lastKnownFileType = wrapper.xcdatamodel; path = CapitalOne.xcdatamodel; sourceTree = "<group>"; };
		AB56FBFF1B8813920032155B /* ViewController.swift */ = {isa = PBXFileReference; lastKnownFileType = sourcecode.swift; path = ViewController.swift; sourceTree = "<group>"; };
		AB56FC021B8813920032155B /* Base */ = {isa = PBXFileReference; lastKnownFileType = file.storyboard; name = Base; path = Base.lproj/Main.storyboard; sourceTree = "<group>"; };
		AB56FC041B8813920032155B /* Images.xcassets */ = {isa = PBXFileReference; lastKnownFileType = folder.assetcatalog; path = Images.xcassets; sourceTree = "<group>"; };
		AB56FC071B8813920032155B /* Base */ = {isa = PBXFileReference; lastKnownFileType = file.xib; name = Base; path = Base.lproj/LaunchScreen.xib; sourceTree = "<group>"; };
		AB56FC0D1B8813930032155B /* CapitalOneTests.xctest */ = {isa = PBXFileReference; explicitFileType = wrapper.cfbundle; includeInIndex = 0; path = CapitalOneTests.xctest; sourceTree = BUILT_PRODUCTS_DIR; };
		AB56FC121B8813930032155B /* Info.plist */ = {isa = PBXFileReference; lastKnownFileType = text.plist.xml; path = Info.plist; sourceTree = "<group>"; };
		AB56FC131B8813930032155B /* CapitalOneTests.swift */ = {isa = PBXFileReference; lastKnownFileType = sourcecode.swift; path = CapitalOneTests.swift; sourceTree = "<group>"; };
		AB9E500A1B8B0089004A642B /* helperFunctions.swift */ = {isa = PBXFileReference; fileEncoding = 4; lastKnownFileType = sourcecode.swift; path = helperFunctions.swift; sourceTree = "<group>"; };
		ABE79F3A1B8A7EEB002E459C /* SignInViewController.swift */ = {isa = PBXFileReference; fileEncoding = 4; lastKnownFileType = sourcecode.swift; path = SignInViewController.swift; sourceTree = "<group>"; };
		ABE79F3E1B8A808B002E459C /* User.swift */ = {isa = PBXFileReference; fileEncoding = 4; lastKnownFileType = sourcecode.swift; path = User.swift; sourceTree = "<group>"; };
		ABE79F401B8A81AA002E459C /* CoreDataManager.swift */ = {isa = PBXFileReference; fileEncoding = 4; lastKnownFileType = sourcecode.swift; path = CoreDataManager.swift; sourceTree = "<group>"; };
/* End PBXFileReference section */

/* Begin PBXFrameworksBuildPhase section */
		AB56FBF21B8813920032155B /* Frameworks */ = {
			isa = PBXFrameworksBuildPhase;
			buildActionMask = 2147483647;
			files = (
			);
			runOnlyForDeploymentPostprocessing = 0;
		};
		AB56FC0A1B8813930032155B /* Frameworks */ = {
			isa = PBXFrameworksBuildPhase;
			buildActionMask = 2147483647;
			files = (
			);
			runOnlyForDeploymentPostprocessing = 0;
		};
/* End PBXFrameworksBuildPhase section */

/* Begin PBXGroup section */
		AB56FBEC1B8813920032155B = {
			isa = PBXGroup;
			children = (
				AB56FBF71B8813920032155B /* CapitalOne */,
				AB56FC101B8813930032155B /* CapitalOneTests */,
				AB56FBF61B8813920032155B /* Products */,
			);
			sourceTree = "<group>";
		};
		AB56FBF61B8813920032155B /* Products */ = {
			isa = PBXGroup;
			children = (
				AB56FBF51B8813920032155B /* CapitalOne.app */,
				AB56FC0D1B8813930032155B /* CapitalOneTests.xctest */,
			);
			name = Products;
			sourceTree = "<group>";
		};
		AB56FBF71B8813920032155B /* CapitalOne */ = {
			isa = PBXGroup;
			children = (
				ABE79F3E1B8A808B002E459C /* User.swift */,
				AB56FBFA1B8813920032155B /* AppDelegate.swift */,
				AB56FBFF1B8813920032155B /* ViewController.swift */,
				AB56FC011B8813920032155B /* Main.storyboard */,
				ABE79F3A1B8A7EEB002E459C /* SignInViewController.swift */,
				ABE79F401B8A81AA002E459C /* CoreDataManager.swift */,
				AB9E500A1B8B0089004A642B /* helperFunctions.swift */,
				AB56FC041B8813920032155B /* Images.xcassets */,
				AB56FC061B8813920032155B /* LaunchScreen.xib */,
				AB56FBFC1B8813920032155B /* CapitalOne.xcdatamodeld */,
				AB56FBF81B8813920032155B /* Supporting Files */,
			);
			path = CapitalOne;
			sourceTree = "<group>";
		};
		AB56FBF81B8813920032155B /* Supporting Files */ = {
			isa = PBXGroup;
			children = (
				AB56FBF91B8813920032155B /* Info.plist */,
			);
			name = "Supporting Files";
			sourceTree = "<group>";
		};
		AB56FC101B8813930032155B /* CapitalOneTests */ = {
			isa = PBXGroup;
			children = (
				AB56FC131B8813930032155B /* CapitalOneTests.swift */,
				AB56FC111B8813930032155B /* Supporting Files */,
			);
			path = CapitalOneTests;
			sourceTree = "<group>";
		};
		AB56FC111B8813930032155B /* Supporting Files */ = {
			isa = PBXGroup;
			children = (
				AB56FC121B8813930032155B /* Info.plist */,
			);
			name = "Supporting Files";
			sourceTree = "<group>";
		};
/* End PBXGroup section */

/* Begin PBXNativeTarget section */
		AB56FBF41B8813920032155B /* CapitalOne */ = {
			isa = PBXNativeTarget;
			buildConfigurationList = AB56FC171B8813930032155B /* Build configuration list for PBXNativeTarget "CapitalOne" */;
			buildPhases = (
				AB56FBF11B8813920032155B /* Sources */,
				AB56FBF21B8813920032155B /* Frameworks */,
				AB56FBF31B8813920032155B /* Resources */,
			);
			buildRules = (
			);
			dependencies = (
			);
			name = CapitalOne;
			productName = CapitalOne;
			productReference = AB56FBF51B8813920032155B /* CapitalOne.app */;
			productType = "com.apple.product-type.application";
		};
		AB56FC0C1B8813930032155B /* CapitalOneTests */ = {
			isa = PBXNativeTarget;
			buildConfigurationList = AB56FC1A1B8813930032155B /* Build configuration list for PBXNativeTarget "CapitalOneTests" */;
			buildPhases = (
				AB56FC091B8813930032155B /* Sources */,
				AB56FC0A1B8813930032155B /* Frameworks */,
				AB56FC0B1B8813930032155B /* Resources */,
			);
			buildRules = (
			);
			dependencies = (
				AB56FC0F1B8813930032155B /* PBXTargetDependency */,
			);
			name = CapitalOneTests;
			productName = CapitalOneTests;
			productReference = AB56FC0D1B8813930032155B /* CapitalOneTests.xctest */;
			productType = "com.apple.product-type.bundle.unit-test";
		};
/* End PBXNativeTarget section */

/* Begin PBXProject section */
		AB56FBED1B8813920032155B /* Project object */ = {
			isa = PBXProject;
			attributes = {
				LastUpgradeCheck = 0640;
				ORGANIZATIONNAME = "Chase McCarty";
				TargetAttributes = {
					AB56FBF41B8813920032155B = {
						CreatedOnToolsVersion = 6.4;
					};
					AB56FC0C1B8813930032155B = {
						CreatedOnToolsVersion = 6.4;
						TestTargetID = AB56FBF41B8813920032155B;
					};
				};
			};
			buildConfigurationList = AB56FBF01B8813920032155B /* Build configuration list for PBXProject "CapitalOne" */;
			compatibilityVersion = "Xcode 3.2";
			developmentRegion = English;
			hasScannedForEncodings = 0;
			knownRegions = (
				en,
				Base,
			);
			mainGroup = AB56FBEC1B8813920032155B;
			productRefGroup = AB56FBF61B8813920032155B /* Products */;
			projectDirPath = "";
			projectRoot = "";
			targets = (
				AB56FBF41B8813920032155B /* CapitalOne */,
				AB56FC0C1B8813930032155B /* CapitalOneTests */,
			);
		};
/* End PBXProject section */

/* Begin PBXResourcesBuildPhase section */
		AB56FBF31B8813920032155B /* Resources */ = {
			isa = PBXResourcesBuildPhase;
			buildActionMask = 2147483647;
			files = (
				AB56FC031B8813920032155B /* Main.storyboard in Resources */,
				AB56FC081B8813920032155B /* LaunchScreen.xib in Resources */,
				AB56FC051B8813920032155B /* Images.xcassets in Resources */,
			);
			runOnlyForDeploymentPostprocessing = 0;
		};
		AB56FC0B1B8813930032155B /* Resources */ = {
			isa = PBXResourcesBuildPhase;
			buildActionMask = 2147483647;
			files = (
			);
			runOnlyForDeploymentPostprocessing = 0;
		};
/* End PBXResourcesBuildPhase section */

/* Begin PBXSourcesBuildPhase section */
		AB56FBF11B8813920032155B /* Sources */ = {
			isa = PBXSourcesBuildPhase;
			buildActionMask = 2147483647;
			files = (
				ABE79F411B8A81AA002E459C /* CoreDataManager.swift in Sources */,
				ABE79F3B1B8A7EEB002E459C /* SignInViewController.swift in Sources */,
				AB56FC001B8813920032155B /* ViewController.swift in Sources */,
				AB9E500B1B8B0089004A642B /* helperFunctions.swift in Sources */,
				AB56FBFB1B8813920032155B /* AppDelegate.swift in Sources */,
				ABE79F3F1B8A808B002E459C /* User.swift in Sources */,
				AB56FBFE1B8813920032155B /* CapitalOne.xcdatamodeld in Sources */,
			);
			runOnlyForDeploymentPostprocessing = 0;
		};
		AB56FC091B8813930032155B /* Sources */ = {
			isa = PBXSourcesBuildPhase;
			buildActionMask = 2147483647;
			files = (
				AB56FC141B8813930032155B /* CapitalOneTests.swift in Sources */,
			);
			runOnlyForDeploymentPostprocessing = 0;
		};
/* End PBXSourcesBuildPhase section */

/* Begin PBXTargetDependency section */
		AB56FC0F1B8813930032155B /* PBXTargetDependency */ = {
			isa = PBXTargetDependency;
			target = AB56FBF41B8813920032155B /* CapitalOne */;
			targetProxy = AB56FC0E1B8813930032155B /* PBXContainerItemProxy */;
		};
/* End PBXTargetDependency section */

/* Begin PBXVariantGroup section */
		AB56FC011B8813920032155B /* Main.storyboard */ = {
			isa = PBXVariantGroup;
			children = (
				AB56FC021B8813920032155B /* Base */,
			);
			name = Main.storyboard;
			sourceTree = "<group>";
		};
		AB56FC061B8813920032155B /* LaunchScreen.xib */ = {
			isa = PBXVariantGroup;
			children = (
				AB56FC071B8813920032155B /* Base */,
			);
			name = LaunchScreen.xib;
			sourceTree = "<group>";
		};
/* End PBXVariantGroup section */

/* Begin XCBuildConfiguration section */
		AB56FC151B8813930032155B /* Debug */ = {
			isa = XCBuildConfiguration;
			buildSettings = {
				ALWAYS_SEARCH_USER_PATHS = NO;
				CLANG_CXX_LANGUAGE_STANDARD = "gnu++0x";
				CLANG_CXX_LIBRARY = "libc++";
				CLANG_ENABLE_MODULES = YES;
				CLANG_ENABLE_OBJC_ARC = YES;
				CLANG_WARN_BOOL_CONVERSION = YES;
				CLANG_WARN_CONSTANT_CONVERSION = YES;
				CLANG_WARN_DIRECT_OBJC_ISA_USAGE = YES_ERROR;
				CLANG_WARN_EMPTY_BODY = YES;
				CLANG_WARN_ENUM_CONVERSION = YES;
				CLANG_WARN_INT_CONVERSION = YES;
				CLANG_WARN_OBJC_ROOT_CLASS = YES_ERROR;
				CLANG_WARN_UNREACHABLE_CODE = YES;
				CLANG_WARN__DUPLICATE_METHOD_MATCH = YES;
				"CODE_SIGN_IDENTITY[sdk=iphoneos*]" = "iPhone Developer";
				COPY_PHASE_STRIP = NO;
				DEBUG_INFORMATION_FORMAT = "dwarf-with-dsym";
				ENABLE_STRICT_OBJC_MSGSEND = YES;
				GCC_C_LANGUAGE_STANDARD = gnu99;
				GCC_DYNAMIC_NO_PIC = NO;
				GCC_NO_COMMON_BLOCKS = YES;
				GCC_OPTIMIZATION_LEVEL = 0;
				GCC_PREPROCESSOR_DEFINITIONS = (
					"DEBUG=1",
					"$(inherited)",
				);
				GCC_SYMBOLS_PRIVATE_EXTERN = NO;
				GCC_WARN_64_TO_32_BIT_CONVERSION = YES;
				GCC_WARN_ABOUT_RETURN_TYPE = YES_ERROR;
				GCC_WARN_UNDECLARED_SELECTOR = YES;
				GCC_WARN_UNINITIALIZED_AUTOS = YES_AGGRESSIVE;
				GCC_WARN_UNUSED_FUNCTION = YES;
				GCC_WARN_UNUSED_VARIABLE = YES;
				IPHONEOS_DEPLOYMENT_TARGET = 8.4;
				MTL_ENABLE_DEBUG_INFO = YES;
				ONLY_ACTIVE_ARCH = YES;
				SDKROOT = iphoneos;
				SWIFT_OPTIMIZATION_LEVEL = "-Onone";
			};
			name = Debug;
		};
		AB56FC161B8813930032155B /* Release */ = {
			isa = XCBuildConfiguration;
			buildSettings = {
				ALWAYS_SEARCH_USER_PATHS = NO;
				CLANG_CXX_LANGUAGE_STANDARD = "gnu++0x";
				CLANG_CXX_LIBRARY = "libc++";
				CLANG_ENABLE_MODULES = YES;
				CLANG_ENABLE_OBJC_ARC = YES;
				CLANG_WARN_BOOL_CONVERSION = YES;
				CLANG_WARN_CONSTANT_CONVERSION = YES;
				CLANG_WARN_DIRECT_OBJC_ISA_USAGE = YES_ERROR;
				CLANG_WARN_EMPTY_BODY = YES;
				CLANG_WARN_ENUM_CONVERSION = YES;
				CLANG_WARN_INT_CONVERSION = YES;
				CLANG_WARN_OBJC_ROOT_CLASS = YES_ERROR;
				CLANG_WARN_UNREACHABLE_CODE = YES;
				CLANG_WARN__DUPLICATE_METHOD_MATCH = YES;
				"CODE_SIGN_IDENTITY[sdk=iphoneos*]" = "iPhone Developer";
				COPY_PHASE_STRIP = NO;
				DEBUG_INFORMATION_FORMAT = "dwarf-with-dsym";
				ENABLE_NS_ASSERTIONS = NO;
				ENABLE_STRICT_OBJC_MSGSEND = YES;
				GCC_C_LANGUAGE_STANDARD = gnu99;
				GCC_NO_COMMON_BLOCKS = YES;
				GCC_WARN_64_TO_32_BIT_CONVERSION = YES;
				GCC_WARN_ABOUT_RETURN_TYPE = YES_ERROR;
				GCC_WARN_UNDECLARED_SELECTOR = YES;
				GCC_WARN_UNINITIALIZED_AUTOS = YES_AGGRESSIVE;
				GCC_WARN_UNUSED_FUNCTION = YES;
				GCC_WARN_UNUSED_VARIABLE = YES;
				IPHONEOS_DEPLOYMENT_TARGET = 8.4;
				MTL_ENABLE_DEBUG_INFO = NO;
				SDKROOT = iphoneos;
				VALIDATE_PRODUCT = YES;
			};
			name = Release;
		};
		AB56FC181B8813930032155B /* Debug */ = {
			isa = XCBuildConfiguration;
			buildSettings = {
				ASSETCATALOG_COMPILER_APPICON_NAME = AppIcon;
				INFOPLIST_FILE = CapitalOne/Info.plist;
				LD_RUNPATH_SEARCH_PATHS = "$(inherited) @executable_path/Frameworks";
				PRODUCT_NAME = "$(TARGET_NAME)";
			};
			name = Debug;
		};
		AB56FC191B8813930032155B /* Release */ = {
			isa = XCBuildConfiguration;
			buildSettings = {
				ASSETCATALOG_COMPILER_APPICON_NAME = AppIcon;
				INFOPLIST_FILE = CapitalOne/Info.plist;
				LD_RUNPATH_SEARCH_PATHS = "$(inherited) @executable_path/Frameworks";
				PRODUCT_NAME = "$(TARGET_NAME)";
			};
			name = Release;
		};
		AB56FC1B1B8813930032155B /* Debug */ = {
			isa = XCBuildConfiguration;
			buildSettings = {
				BUNDLE_LOADER = "$(TEST_HOST)";
				FRAMEWORK_SEARCH_PATHS = (
					"$(SDKROOT)/Developer/Library/Frameworks",
					"$(inherited)",
				);
				GCC_PREPROCESSOR_DEFINITIONS = (
					"DEBUG=1",
					"$(inherited)",
				);
				INFOPLIST_FILE = CapitalOneTests/Info.plist;
				LD_RUNPATH_SEARCH_PATHS = "$(inherited) @executable_path/Frameworks @loader_path/Frameworks";
				PRODUCT_NAME = "$(TARGET_NAME)";
				TEST_HOST = "$(BUILT_PRODUCTS_DIR)/CapitalOne.app/CapitalOne";
			};
			name = Debug;
		};
		AB56FC1C1B8813930032155B /* Release */ = {
			isa = XCBuildConfiguration;
			buildSettings = {
				BUNDLE_LOADER = "$(TEST_HOST)";
				FRAMEWORK_SEARCH_PATHS = (
					"$(SDKROOT)/Developer/Library/Frameworks",
					"$(inherited)",
				);
				INFOPLIST_FILE = CapitalOneTests/Info.plist;
				LD_RUNPATH_SEARCH_PATHS = "$(inherited) @executable_path/Frameworks @loader_path/Frameworks";
				PRODUCT_NAME = "$(TARGET_NAME)";
				TEST_HOST = "$(BUILT_PRODUCTS_DIR)/CapitalOne.app/CapitalOne";
			};
			name = Release;
		};
/* End XCBuildConfiguration section */

/* Begin XCConfigurationList section */
		AB56FBF01B8813920032155B /* Build configuration list for PBXProject "CapitalOne" */ = {
			isa = XCConfigurationList;
			buildConfigurations = (
				AB56FC151B8813930032155B /* Debug */,
				AB56FC161B8813930032155B /* Release */,
			);
			defaultConfigurationIsVisible = 0;
			defaultConfigurationName = Release;
		};
		AB56FC171B8813930032155B /* Build configuration list for PBXNativeTarget "CapitalOne" */ = {
			isa = XCConfigurationList;
			buildConfigurations = (
				AB56FC181B8813930032155B /* Debug */,
				AB56FC191B8813930032155B /* Release */,
			);
			defaultConfigurationIsVisible = 0;
			defaultConfigurationName = Release;
		};
		AB56FC1A1B8813930032155B /* Build configuration list for PBXNativeTarget "CapitalOneTests" */ = {
			isa = XCConfigurationList;
			buildConfigurations = (
				AB56FC1B1B8813930032155B /* Debug */,
				AB56FC1C1B8813930032155B /* Release */,
			);
			defaultConfigurationIsVisible = 0;
			defaultConfigurationName = Release;
		};
/* End XCConfigurationList section */

/* Begin XCVersionGroup section */
		AB56FBFC1B8813920032155B /* CapitalOne.xcdatamodeld */ = {
			isa = XCVersionGroup;
			children = (
				AB56FBFD1B8813920032155B /* CapitalOne.xcdatamodel */,
			);
			currentVersion = AB56FBFD1B8813920032155B /* CapitalOne.xcdatamodel */;
			path = CapitalOne.xcdatamodeld;
			sourceTree = "<group>";
			versionGroupType = wrapper.xcdatamodel;
		};
/* End XCVersionGroup section */
	};
	rootObject = AB56FBED1B8813920032155B /* Project object */;
}
